
Microsoft Visual Studio Solution File, Format Version 12.00
# Visual Studio Version 16
VisualStudioVersion = 16.0.29503.13
MinimumVisualStudioVersion = 15.0.26124.0
Project("{2150E333-8FDC-42A3-9474-1A3956D46DE8}") = "src", "src", "{BE4AB9B7-236F-4887-A1C6-C8D32F8B0E94}"
EndProject
Project("{9A19103F-16F7-4668-BE54-9A1E7A4F7556}") = "WebService", "src\WebService\WebService.csproj", "{35275342-67BA-490D-B39A-4382D511AE80}"
EndProject
Project("{9A19103F-16F7-4668-BE54-9A1E7A4F7556}") = "FileAccess", "src\FileAccess\FileAccess.csproj", "{83B2A693-B5AD-48C1-922C-1B85E8FE9E2E}"
EndProject
Project("{2150E333-8FDC-42A3-9474-1A3956D46DE8}") = "tests", "tests", "{6D1AD534-32E3-4D1E-902D-15925B6E7250}"
EndProject
Project("{9A19103F-16F7-4668-BE54-9A1E7A4F7556}") = "WebService.Unit.Tests", "tests\unit\WebService.Unit.Tests\WebService.Unit.Tests.csproj", "{AC99A3D6-843A-4909-B290-07FC62EA7FE5}"
EndProject
Project("{FAE04EC0-301F-11D3-BF4B-00C04F79EFBC}") = "FileAccess.Unit.Tests", "tests\unit\FileAccess.Unit.Tests\FileAccess.Unit.Tests.csproj", "{A5C5B998-CED6-4929-B8F6-097B1FC3D3BD}"
EndProject
Project("{FAE04EC0-301F-11D3-BF4B-00C04F79EFBC}") = "Common", "src\Common\Common.csproj", "{E107A861-A107-48CC-9D4F-8D8CBB8C3FB0}"
EndProject
Project("{FAE04EC0-301F-11D3-BF4B-00C04F79EFBC}") = "Quotations", "src\Quotations\Quotations.csproj", "{DC06F315-8819-4E79-A393-B8471FA333C1}"
EndProject
Global
	GlobalSection(SolutionConfigurationPlatforms) = preSolution
		Debug|Any CPU = Debug|Any CPU
		Debug|x64 = Debug|x64
		Debug|x86 = Debug|x86
		Release|Any CPU = Release|Any CPU
		Release|x64 = Release|x64
		Release|x86 = Release|x86
	EndGlobalSection
	GlobalSection(ProjectConfigurationPlatforms) = postSolution
		{35275342-67BA-490D-B39A-4382D511AE80}.Debug|Any CPU.ActiveCfg = Debug|Any CPU
		{35275342-67BA-490D-B39A-4382D511AE80}.Debug|Any CPU.Build.0 = Debug|Any CPU
		{35275342-67BA-490D-B39A-4382D511AE80}.Debug|x64.ActiveCfg = Debug|Any CPU
		{35275342-67BA-490D-B39A-4382D511AE80}.Debug|x64.Build.0 = Debug|Any CPU
		{35275342-67BA-490D-B39A-4382D511AE80}.Debug|x86.ActiveCfg = Debug|Any CPU
		{35275342-67BA-490D-B39A-4382D511AE80}.Debug|x86.Build.0 = Debug|Any CPU
		{35275342-67BA-490D-B39A-4382D511AE80}.Release|Any CPU.ActiveCfg = Release|Any CPU
		{35275342-67BA-490D-B39A-4382D511AE80}.Release|Any CPU.Build.0 = Release|Any CPU
		{35275342-67BA-490D-B39A-4382D511AE80}.Release|x64.ActiveCfg = Release|Any CPU
		{35275342-67BA-490D-B39A-4382D511AE80}.Release|x64.Build.0 = Release|Any CPU
		{35275342-67BA-490D-B39A-4382D511AE80}.Release|x86.ActiveCfg = Release|Any CPU
		{35275342-67BA-490D-B39A-4382D511AE80}.Release|x86.Build.0 = Release|Any CPU
		{83B2A693-B5AD-48C1-922C-1B85E8FE9E2E}.Debug|Any CPU.ActiveCfg = Debug|Any CPU
		{83B2A693-B5AD-48C1-922C-1B85E8FE9E2E}.Debug|Any CPU.Build.0 = Debug|Any CPU
		{83B2A693-B5AD-48C1-922C-1B85E8FE9E2E}.Debug|x64.ActiveCfg = Debug|Any CPU
		{83B2A693-B5AD-48C1-922C-1B85E8FE9E2E}.Debug|x64.Build.0 = Debug|Any CPU
		{83B2A693-B5AD-48C1-922C-1B85E8FE9E2E}.Debug|x86.ActiveCfg = Debug|Any CPU
		{83B2A693-B5AD-48C1-922C-1B85E8FE9E2E}.Debug|x86.Build.0 = Debug|Any CPU
		{83B2A693-B5AD-48C1-922C-1B85E8FE9E2E}.Release|Any CPU.ActiveCfg = Release|Any CPU
		{83B2A693-B5AD-48C1-922C-1B85E8FE9E2E}.Release|Any CPU.Build.0 = Release|Any CPU
		{83B2A693-B5AD-48C1-922C-1B85E8FE9E2E}.Release|x64.ActiveCfg = Release|Any CPU
		{83B2A693-B5AD-48C1-922C-1B85E8FE9E2E}.Release|x64.Build.0 = Release|Any CPU
		{83B2A693-B5AD-48C1-922C-1B85E8FE9E2E}.Release|x86.ActiveCfg = Release|Any CPU
		{83B2A693-B5AD-48C1-922C-1B85E8FE9E2E}.Release|x86.Build.0 = Release|Any CPU
		{AC99A3D6-843A-4909-B290-07FC62EA7FE5}.Debug|Any CPU.ActiveCfg = Debug|Any CPU
		{AC99A3D6-843A-4909-B290-07FC62EA7FE5}.Debug|Any CPU.Build.0 = Debug|Any CPU
		{AC99A3D6-843A-4909-B290-07FC62EA7FE5}.Debug|x64.ActiveCfg = Debug|Any CPU
		{AC99A3D6-843A-4909-B290-07FC62EA7FE5}.Debug|x64.Build.0 = Debug|Any CPU
		{AC99A3D6-843A-4909-B290-07FC62EA7FE5}.Debug|x86.ActiveCfg = Debug|Any CPU
		{AC99A3D6-843A-4909-B290-07FC62EA7FE5}.Debug|x86.Build.0 = Debug|Any CPU
		{AC99A3D6-843A-4909-B290-07FC62EA7FE5}.Release|Any CPU.ActiveCfg = Release|Any CPU
		{AC99A3D6-843A-4909-B290-07FC62EA7FE5}.Release|Any CPU.Build.0 = Release|Any CPU
		{AC99A3D6-843A-4909-B290-07FC62EA7FE5}.Release|x64.ActiveCfg = Release|Any CPU
		{AC99A3D6-843A-4909-B290-07FC62EA7FE5}.Release|x64.Build.0 = Release|Any CPU
		{AC99A3D6-843A-4909-B290-07FC62EA7FE5}.Release|x86.ActiveCfg = Release|Any CPU
		{AC99A3D6-843A-4909-B290-07FC62EA7FE5}.Release|x86.Build.0 = Release|Any CPU
		{A5C5B998-CED6-4929-B8F6-097B1FC3D3BD}.Debug|Any CPU.ActiveCfg = Debug|Any CPU
		{A5C5B998-CED6-4929-B8F6-097B1FC3D3BD}.Debug|Any CPU.Build.0 = Debug|Any CPU
		{A5C5B998-CED6-4929-B8F6-097B1FC3D3BD}.Debug|x64.ActiveCfg = Debug|Any CPU
		{A5C5B998-CED6-4929-B8F6-097B1FC3D3BD}.Debug|x64.Build.0 = Debug|Any CPU
		{A5C5B998-CED6-4929-B8F6-097B1FC3D3BD}.Debug|x86.ActiveCfg = Debug|Any CPU
		{A5C5B998-CED6-4929-B8F6-097B1FC3D3BD}.Debug|x86.Build.0 = Debug|Any CPU
		{A5C5B998-CED6-4929-B8F6-097B1FC3D3BD}.Release|Any CPU.ActiveCfg = Release|Any CPU
		{A5C5B998-CED6-4929-B8F6-097B1FC3D3BD}.Release|Any CPU.Build.0 = Release|Any CPU
		{A5C5B998-CED6-4929-B8F6-097B1FC3D3BD}.Release|x64.ActiveCfg = Release|Any CPU
		{A5C5B998-CED6-4929-B8F6-097B1FC3D3BD}.Release|x64.Build.0 = Release|Any CPU
		{A5C5B998-CED6-4929-B8F6-097B1FC3D3BD}.Release|x86.ActiveCfg = Release|Any CPU
		{A5C5B998-CED6-4929-B8F6-097B1FC3D3BD}.Release|x86.Build.0 = Release|Any CPU
		{E107A861-A107-48CC-9D4F-8D8CBB8C3FB0}.Debug|Any CPU.ActiveCfg = Debug|Any CPU
		{E107A861-A107-48CC-9D4F-8D8CBB8C3FB0}.Debug|Any CPU.Build.0 = Debug|Any CPU
		{E107A861-A107-48CC-9D4F-8D8CBB8C3FB0}.Debug|x64.ActiveCfg = Debug|Any CPU
		{E107A861-A107-48CC-9D4F-8D8CBB8C3FB0}.Debug|x64.Build.0 = Debug|Any CPU
		{E107A861-A107-48CC-9D4F-8D8CBB8C3FB0}.Debug|x86.ActiveCfg = Debug|Any CPU
		{E107A861-A107-48CC-9D4F-8D8CBB8C3FB0}.Debug|x86.Build.0 = Debug|Any CPU
		{E107A861-A107-48CC-9D4F-8D8CBB8C3FB0}.Release|Any CPU.ActiveCfg = Release|Any CPU
		{E107A861-A107-48CC-9D4F-8D8CBB8C3FB0}.Release|Any CPU.Build.0 = Release|Any CPU
		{E107A861-A107-48CC-9D4F-8D8CBB8C3FB0}.Release|x64.ActiveCfg = Release|Any CPU
		{E107A861-A107-48CC-9D4F-8D8CBB8C3FB0}.Release|x64.Build.0 = Release|Any CPU
		{E107A861-A107-48CC-9D4F-8D8CBB8C3FB0}.Release|x86.ActiveCfg = Release|Any CPU
		{E107A861-A107-48CC-9D4F-8D8CBB8C3FB0}.Release|x86.Build.0 = Release|Any CPU
		{DC06F315-8819-4E79-A393-B8471FA333C1}.Debug|Any CPU.ActiveCfg = Debug|Any CPU
		{DC06F315-8819-4E79-A393-B8471FA333C1}.Debug|Any CPU.Build.0 = Debug|Any CPU
		{DC06F315-8819-4E79-A393-B8471FA333C1}.Debug|x64.ActiveCfg = Debug|Any CPU
		{DC06F315-8819-4E79-A393-B8471FA333C1}.Debug|x64.Build.0 = Debug|Any CPU
		{DC06F315-8819-4E79-A393-B8471FA333C1}.Debug|x86.ActiveCfg = Debug|Any CPU
		{DC06F315-8819-4E79-A393-B8471FA333C1}.Debug|x86.Build.0 = Debug|Any CPU
		{DC06F315-8819-4E79-A393-B8471FA333C1}.Release|Any CPU.ActiveCfg = Release|Any CPU
		{DC06F315-8819-4E79-A393-B8471FA333C1}.Release|Any CPU.Build.0 = Release|Any CPU
		{DC06F315-8819-4E79-A393-B8471FA333C1}.Release|x64.ActiveCfg = Release|Any CPU
		{DC06F315-8819-4E79-A393-B8471FA333C1}.Release|x64.Build.0 = Release|Any CPU
		{DC06F315-8819-4E79-A393-B8471FA333C1}.Release|x86.ActiveCfg = Release|Any CPU
		{DC06F315-8819-4E79-A393-B8471FA333C1}.Release|x86.Build.0 = Release|Any CPU
	EndGlobalSection
	GlobalSection(SolutionProperties) = preSolution
		HideSolutionNode = FALSE
	EndGlobalSection
	GlobalSection(NestedProjects) = preSolution
		{35275342-67BA-490D-B39A-4382D511AE80} = {BE4AB9B7-236F-4887-A1C6-C8D32F8B0E94}
		{83B2A693-B5AD-48C1-922C-1B85E8FE9E2E} = {BE4AB9B7-236F-4887-A1C6-C8D32F8B0E94}
		{AC99A3D6-843A-4909-B290-07FC62EA7FE5} = {6D1AD534-32E3-4D1E-902D-15925B6E7250}
		{A5C5B998-CED6-4929-B8F6-097B1FC3D3BD} = {6D1AD534-32E3-4D1E-902D-15925B6E7250}
		{E107A861-A107-48CC-9D4F-8D8CBB8C3FB0} = {BE4AB9B7-236F-4887-A1C6-C8D32F8B0E94}
		{DC06F315-8819-4E79-A393-B8471FA333C1} = {BE4AB9B7-236F-4887-A1C6-C8D32F8B0E94}
	EndGlobalSection
	GlobalSection(ExtensibilityGlobals) = postSolution
		SolutionGuid = {A0CB674F-6BC7-4832-875D-3278665A39FA}
	EndGlobalSection
EndGlobal
